
Microsoft Visual Studio Solution File, Format Version 12.00
# Visual Studio Version 17
VisualStudioVersion = 17.6.33829.357
MinimumVisualStudioVersion = 10.0.40219.1
Project("{FAE04EC0-301F-11D3-BF4B-00C04F79EFBC}") = "WinFormsApp2", "WinFormsApp2\WinFormsApp2.csproj", "{1FEB90F7-F94E-4EF3-96D1-00F4F8952E4B}"
EndProject
Global
	GlobalSection(SolutionConfigurationPlatforms) = preSolution
		Debug|Any CPU = Debug|Any CPU
		Release|Any CPU = Release|Any CPU
	EndGlobalSection
	GlobalSection(ProjectConfigurationPlatforms) = postSolution
		{1FEB90F7-F94E-4EF3-96D1-00F4F8952E4B}.Debug|Any CPU.ActiveCfg = Debug|Any CPU
		{1FEB90F7-F94E-4EF3-96D1-00F4F8952E4B}.Debug|Any CPU.Build.0 = Debug|Any CPU
		{1FEB90F7-F94E-4EF3-96D1-00F4F8952E4B}.Release|Any CPU.ActiveCfg = Release|Any CPU
		{1FEB90F7-F94E-4EF3-96D1-00F4F8952E4B}.Release|Any CPU.Build.0 = Release|Any CPU
	EndGlobalSection
	GlobalSection(SolutionProperties) = preSolution
		HideSolutionNode = FALSE
	EndGlobalSection
	GlobalSection(ExtensibilityGlobals) = postSolution
		SolutionGuid = {B427959F-E706-4047-A68C-6E229163B79B}
	EndGlobalSection
EndGlobal
